
Microsoft Visual Studio Solution File, Format Version 12.00
# Visual Studio Version 16
VisualStudioVersion = 16.0.29505.145
MinimumVisualStudioVersion = 10.0.40219.1
Project("{FAE04EC0-301F-11D3-BF4B-00C04F79EFBC}") = "SpanExtern", "SpanExtern\SpanExtern.csproj", "{ADB73FA3-E8AC-45F3-BD8E-E53299FADA85}"
EndProject
Global
	GlobalSection(SolutionConfigurationPlatforms) = preSolution
		Debug|Any CPU = Debug|Any CPU
		Release|Any CPU = Release|Any CPU
	EndGlobalSection
	GlobalSection(ProjectConfigurationPlatforms) = postSolution
		{ADB73FA3-E8AC-45F3-BD8E-E53299FADA85}.Debug|Any CPU.ActiveCfg = Debug|Any CPU
		{ADB73FA3-E8AC-45F3-BD8E-E53299FADA85}.Debug|Any CPU.Build.0 = Debug|Any CPU
		{ADB73FA3-E8AC-45F3-BD8E-E53299FADA85}.Release|Any CPU.ActiveCfg = Release|Any CPU
		{ADB73FA3-E8AC-45F3-BD8E-E53299FADA85}.Release|Any CPU.Build.0 = Release|Any CPU
	EndGlobalSection
	GlobalSection(SolutionProperties) = preSolution
		HideSolutionNode = FALSE
	EndGlobalSection
	GlobalSection(ExtensibilityGlobals) = postSolution
		SolutionGuid = {A9ECDB65-D5F1-43E2-92D5-A51A2B9F96DD}
	EndGlobalSection
EndGlobal
